// !$*UTF8*$!
{
	archiveVersion = 1;
	classes = {
	};
	objectVersion = 50;
	objects = {

/* Begin PBXBuildFile section */
		50C12D8E26E8677400A6C84D /* AppDelegate.m in Sources */ = {isa = PBXBuildFile; fileRef = 50C12D8D26E8677400A6C84D /* AppDelegate.m */; };
		50C12D9126E8677400A6C84D /* SceneDelegate.m in Sources */ = {isa = PBXBuildFile; fileRef = 50C12D9026E8677400A6C84D /* SceneDelegate.m */; };
		50C12D9426E8677400A6C84D /* ViewController.m in Sources */ = {isa = PBXBuildFile; fileRef = 50C12D9326E8677400A6C84D /* ViewController.m */; };
		50C12D9726E8677400A6C84D /* Main.storyboard in Resources */ = {isa = PBXBuildFile; fileRef = 50C12D9526E8677400A6C84D /* Main.storyboard */; };
		50C12D9926E8677700A6C84D /* Assets.xcassets in Resources */ = {isa = PBXBuildFile; fileRef = 50C12D9826E8677700A6C84D /* Assets.xcassets */; };
		50C12D9C26E8677700A6C84D /* LaunchScreen.storyboard in Resources */ = {isa = PBXBuildFile; fileRef = 50C12D9A26E8677700A6C84D /* LaunchScreen.storyboard */; };
		50C12D9F26E8677700A6C84D /* main.m in Sources */ = {isa = PBXBuildFile; fileRef = 50C12D9E26E8677700A6C84D /* main.m */; };
/* End PBXBuildFile section */

/* Begin PBXFileReference section */
		50C12D8926E8677400A6C84D /* DYStopStarAnimation.app */ = {isa = PBXFileReference; explicitFileType = wrapper.application; includeInIndex = 0; path = DYStopStarAnimation.app; sourceTree = BUILT_PRODUCTS_DIR; };
		50C12D8C26E8677400A6C84D /* AppDelegate.h */ = {isa = PBXFileReference; lastKnownFileType = sourcecode.c.h; path = AppDelegate.h; sourceTree = "<group>"; };
		50C12D8D26E8677400A6C84D /* AppDelegate.m */ = {isa = PBXFileReference; lastKnownFileType = sourcecode.c.objc; path = AppDelegate.m; sourceTree = "<group>"; };
		50C12D8F26E8677400A6C84D /* SceneDelegate.h */ = {isa = PBXFileReference; lastKnownFileType = sourcecode.c.h; path = SceneDelegate.h; sourceTree = "<group>"; };
		50C12D9026E8677400A6C84D /* SceneDelegate.m */ = {isa = PBXFileReference; lastKnownFileType = sourcecode.c.objc; path = SceneDelegate.m; sourceTree = "<group>"; };
		50C12D9226E8677400A6C84D /* ViewController.h */ = {isa = PBXFileReference; lastKnownFileType = sourcecode.c.h; path = ViewController.h; sourceTree = "<group>"; };
		50C12D9326E8677400A6C84D /* ViewController.m */ = {isa = PBXFileReference; lastKnownFileType = sourcecode.c.objc; path = ViewController.m; sourceTree = "<group>"; };
		50C12D9626E8677400A6C84D /* Base */ = {isa = PBXFileReference; lastKnownFileType = file.storyboard; name = Base; path = Base.lproj/Main.storyboard; sourceTree = "<group>"; };
		50C12D9826E8677700A6C84D /* Assets.xcassets */ = {isa = PBXFileReference; lastKnownFileType = folder.assetcatalog; path = Assets.xcassets; sourceTree = "<group>"; };
		50C12D9B26E8677700A6C84D /* Base */ = {isa = PBXFileReference; lastKnownFileType = file.storyboard; name = Base; path = Base.lproj/LaunchScreen.storyboard; sourceTree = "<group>"; };
		50C12D9D26E8677700A6C84D /* Info.plist */ = {isa = PBXFileReference; lastKnownFileType = text.plist.xml; path = Info.plist; sourceTree = "<group>"; };
		50C12D9E26E8677700A6C84D /* main.m */ = {isa = PBXFileReference; lastKnownFileType = sourcecode.c.objc; path = main.m; sourceTree = "<group>"; };
/* End PBXFileReference section */

/* Begin PBXFrameworksBuildPhase section */
		50C12D8626E8677400A6C84D /* Frameworks */ = {
			isa = PBXFrameworksBuildPhase;
			buildActionMask = 2147483647;
			files = (
			);
			runOnlyForDeploymentPostprocessing = 0;
		};
/* End PBXFrameworksBuildPhase section */

/* Begin PBXGroup section */
		50C12D8026E8677400A6C84D = {
			isa = PBXGroup;
			children = (
				50C12D8B26E8677400A6C84D /* DYStopStarAnimation */,
				50C12D8A26E8677400A6C84D /* Products */,
			);
			sourceTree = "<group>";
		};
		50C12D8A26E8677400A6C84D /* Products */ = {
			isa = PBXGroup;
			children = (
				50C12D8926E8677400A6C84D /* DYStopStarAnimation.app */,
			);
			name = Products;
			sourceTree = "<group>";
		};
		50C12D8B26E8677400A6C84D /* DYStopStarAnimation */ = {
			isa = PBXGroup;
			children = (
				50C12D8C26E8677400A6C84D /* AppDelegate.h */,
				50C12D8D26E8677400A6C84D /* AppDelegate.m */,
				50C12D8F26E8677400A6C84D /* SceneDelegate.h */,
				50C12D9026E8677400A6C84D /* SceneDelegate.m */,
				50C12D9226E8677400A6C84D /* ViewController.h */,
				50C12D9326E8677400A6C84D /* ViewController.m */,
				50C12D9526E8677400A6C84D /* Main.storyboard */,
				50C12D9826E8677700A6C84D /* Assets.xcassets */,
				50C12D9A26E8677700A6C84D /* LaunchScreen.storyboard */,
				50C12D9D26E8677700A6C84D /* Info.plist */,
				50C12D9E26E8677700A6C84D /* main.m */,
			);
			path = DYStopStarAnimation;
			sourceTree = "<group>";
		};
/* End PBXGroup section */

/* Begin PBXNativeTarget section */
		50C12D8826E8677400A6C84D /* DYStopStarAnimation */ = {
			isa = PBXNativeTarget;
			buildConfigurationList = 50C12DA226E8677700A6C84D /* Build configuration list for PBXNativeTarget "DYStopStarAnimation" */;
			buildPhases = (
				50C12D8526E8677400A6C84D /* Sources */,
				50C12D8626E8677400A6C84D /* Frameworks */,
				50C12D8726E8677400A6C84D /* Resources */,
			);
			buildRules = (
			);
			dependencies = (
			);
			name = DYStopStarAnimation;
			productName = DYStopStarAnimation;
			productReference = 50C12D8926E8677400A6C84D /* DYStopStarAnimation.app */;
			productType = "com.apple.product-type.application";
		};
/* End PBXNativeTarget section */

/* Begin PBXProject section */
		50C12D8126E8677400A6C84D /* Project object */ = {
			isa = PBXProject;
			attributes = {
				LastUpgradeCheck = 1240;
				TargetAttributes = {
					50C12D8826E8677400A6C84D = {
						CreatedOnToolsVersion = 12.4;
					};
				};
			};
			buildConfigurationList = 50C12D8426E8677400A6C84D /* Build configuration list for PBXProject "DYStopStarAnimation" */;
			compatibilityVersion = "Xcode 9.3";
			developmentRegion = en;
			hasScannedForEncodings = 0;
			knownRegions = (
				en,
				Base,
			);
			mainGroup = 50C12D8026E8677400A6C84D;
			productRefGroup = 50C12D8A26E8677400A6C84D /* Products */;
			projectDirPath = "";
			projectRoot = "";
			targets = (
				50C12D8826E8677400A6C84D /* DYStopStarAnimation */,
			);
		};
/* End PBXProject section */

/* Begin PBXResourcesBuildPhase section */
		50C12D8726E8677400A6C84D /* Resources */ = {
			isa = PBXResourcesBuildPhase;
			buildActionMask = 2147483647;
			files = (
				50C12D9C26E8677700A6C84D /* LaunchScreen.storyboard in Resources */,
				50C12D9926E8677700A6C84D /* Assets.xcassets in Resources */,
				50C12D9726E8677400A6C84D /* Main.storyboard in Resources */,
			);
			runOnlyForDeploymentPostprocessing = 0;
		};
/* End PBXResourcesBuildPhase section */

/* Begin PBXSourcesBuildPhase section */
		50C12D8526E8677400A6C84D /* Sources */ = {
			isa = PBXSourcesBuildPhase;
			buildActionMask = 2147483647;
			files = (
				50C12D9426E8677400A6C84D /* ViewController.m in Sources */,
				50C12D8E26E8677400A6C84D /* AppDelegate.m in Sources */,
				50C12D9F26E8677700A6C84D /* main.m in Sources */,
				50C12D9126E8677400A6C84D /* SceneDelegate.m in Sources */,
			);
			runOnlyForDeploymentPostprocessing = 0;
		};
/* End PBXSourcesBuildPhase section */

/* Begin PBXVariantGroup section */
		50C12D9526E8677400A6C84D /* Main.storyboard */ = {
			isa = PBXVariantGroup;
			children = (
				50C12D9626E8677400A6C84D /* Base */,
			);
			name = Main.storyboard;
			sourceTree = "<group>";
		};
		50C12D9A26E8677700A6C84D /* LaunchScreen.storyboard */ = {
			isa = PBXVariantGroup;
			children = (
				50C12D9B26E8677700A6C84D /* Base */,
			);
			name = LaunchScreen.storyboard;
			sourceTree = "<group>";
		};
/* End PBXVariantGroup section */

/* Begin XCBuildConfiguration section */
		50C12DA026E8677700A6C84D /* Debug */ = {
			isa = XCBuildConfiguration;
			buildSettings = {
				ALWAYS_SEARCH_USER_PATHS = NO;
				CLANG_ANALYZER_NONNULL = YES;
				CLANG_ANALYZER_NUMBER_OBJECT_CONVERSION = YES_AGGRESSIVE;
				CLANG_CXX_LANGUAGE_STANDARD = "gnu++14";
				CLANG_CXX_LIBRARY = "libc++";
				CLANG_ENABLE_MODULES = YES;
				CLANG_ENABLE_OBJC_ARC = YES;
				CLANG_ENABLE_OBJC_WEAK = YES;
				CLANG_WARN_BLOCK_CAPTURE_AUTORELEASING = YES;
				CLANG_WARN_BOOL_CONVERSION = YES;
				CLANG_WARN_COMMA = YES;
				CLANG_WARN_CONSTANT_CONVERSION = YES;
				CLANG_WARN_DEPRECATED_OBJC_IMPLEMENTATIONS = YES;
				CLANG_WARN_DIRECT_OBJC_ISA_USAGE = YES_ERROR;
				CLANG_WARN_DOCUMENTATION_COMMENTS = YES;
				CLANG_WARN_EMPTY_BODY = YES;
				CLANG_WARN_ENUM_CONVERSION = YES;
				CLANG_WARN_INFINITE_RECURSION = YES;
				CLANG_WARN_INT_CONVERSION = YES;
				CLANG_WARN_NON_LITERAL_NULL_CONVERSION = YES;
				CLANG_WARN_OBJC_IMPLICIT_RETAIN_SELF = YES;
				CLANG_WARN_OBJC_LITERAL_CONVERSION = YES;
				CLANG_WARN_OBJC_ROOT_CLASS = YES_ERROR;
				CLANG_WARN_QUOTED_INCLUDE_IN_FRAMEWORK_HEADER = YES;
				CLANG_WARN_RANGE_LOOP_ANALYSIS = YES;
				CLANG_WARN_STRICT_PROTOTYPES = YES;
				CLANG_WARN_SUSPICIOUS_MOVE = YES;
				CLANG_WARN_UNGUARDED_AVAILABILITY = YES_AGGRESSIVE;
				CLANG_WARN_UNREACHABLE_CODE = YES;
				CLANG_WARN__DUPLICATE_METHOD_MATCH = YES;
				COPY_PHASE_STRIP = NO;
				DEBUG_INFORMATION_FORMAT = dwarf;
				ENABLE_STRICT_OBJC_MSGSEND = YES;
				ENABLE_TESTABILITY = YES;
				GCC_C_LANGUAGE_STANDARD = gnu11;
				GCC_DYNAMIC_NO_PIC = NO;
				GCC_NO_COMMON_BLOCKS = YES;
				GCC_OPTIMIZATION_LEVEL = 0;
				GCC_PREPROCESSOR_DEFINITIONS = (
					"DEBUG=1",
					"$(inherited)",
				);
				GCC_WARN_64_TO_32_BIT_CONVERSION = YES;
				GCC_WARN_ABOUT_RETURN_TYPE = YES_ERROR;
				GCC_WARN_UNDECLARED_SELECTOR = YES;
				GCC_WARN_UNINITIALIZED_AUTOS = YES_AGGRESSIVE;
				GCC_WARN_UNUSED_FUNCTION = YES;
				GCC_WARN_UNUSED_VARIABLE = YES;
				IPHONEOS_DEPLOYMENT_TARGET = 14.4;
				MTL_ENABLE_DEBUG_INFO = INCLUDE_SOURCE;
				MTL_FAST_MATH = YES;
				ONLY_ACTIVE_ARCH = YES;
				SDKROOT = iphoneos;
			};
			name = Debug;
		};
		50C12DA126E8677700A6C84D /* Release */ = {
			isa = XCBuildConfiguration;
			buildSettings = {
				ALWAYS_SEARCH_USER_PATHS = NO;
				CLANG_ANALYZER_NONNULL = YES;
				CLANG_ANALYZER_NUMBER_OBJECT_CONVERSION = YES_AGGRESSIVE;
				CLANG_CXX_LANGUAGE_STANDARD = "gnu++14";
				CLANG_CXX_LIBRARY = "libc++";
				CLANG_ENABLE_MODULES = YES;
				CLANG_ENABLE_OBJC_ARC = YES;
				CLANG_ENABLE_OBJC_WEAK = YES;
				CLANG_WARN_BLOCK_CAPTURE_AUTORELEASING = YES;
				CLANG_WARN_BOOL_CONVERSION = YES;
				CLANG_WARN_COMMA = YES;
				CLANG_WARN_CONSTANT_CONVERSION = YES;
				CLANG_WARN_DEPRECATED_OBJC_IMPLEMENTATIONS = YES;
				CLANG_WARN_DIRECT_OBJC_ISA_USAGE = YES_ERROR;
				CLANG_WARN_DOCUMENTATION_COMMENTS = YES;
				CLANG_WARN_EMPTY_BODY = YES;
				CLANG_WARN_ENUM_CONVERSION = YES;
				CLANG_WARN_INFINITE_RECURSION = YES;
				CLANG_WARN_INT_CONVERSION = YES;
				CLANG_WARN_NON_LITERAL_NULL_CONVERSION = YES;
				CLANG_WARN_OBJC_IMPLICIT_RETAIN_SELF = YES;
				CLANG_WARN_OBJC_LITERAL_CONVERSION = YES;
				CLANG_WARN_OBJC_ROOT_CLASS = YES_ERROR;
				CLANG_WARN_QUOTED_INCLUDE_IN_FRAMEWORK_HEADER = YES;
				CLANG_WARN_RANGE_LOOP_ANALYSIS = YES;
				CLANG_WARN_STRICT_PROTOTYPES = YES;
				CLANG_WARN_SUSPICIOUS_MOVE = YES;
				CLANG_WARN_UNGUARDED_AVAILABILITY = YES_AGGRESSIVE;
				CLANG_WARN_UNREACHABLE_CODE = YES;
				CLANG_WARN__DUPLICATE_METHOD_MATCH = YES;
				COPY_PHASE_STRIP = NO;
				DEBUG_INFORMATION_FORMAT = "dwarf-with-dsym";
				ENABLE_NS_ASSERTIONS = NO;
				ENABLE_STRICT_OBJC_MSGSEND = YES;
				GCC_C_LANGUAGE_STANDARD = gnu11;
				GCC_NO_COMMON_BLOCKS = YES;
				GCC_WARN_64_TO_32_BIT_CONVERSION = YES;
				GCC_WARN_ABOUT_RETURN_TYPE = YES_ERROR;
				GCC_WARN_UNDECLARED_SELECTOR = YES;
				GCC_WARN_UNINITIALIZED_AUTOS = YES_AGGRESSIVE;
				GCC_WARN_UNUSED_FUNCTION = YES;
				GCC_WARN_UNUSED_VARIABLE = YES;
				IPHONEOS_DEPLOYMENT_TARGET = 14.4;
				MTL_ENABLE_DEBUG_INFO = NO;
				MTL_FAST_MATH = YES;
				SDKROOT = iphoneos;
				VALIDATE_PRODUCT = YES;
			};
			name = Release;
		};
		50C12DA326E8677700A6C84D /* Debug */ = {
			isa = XCBuildConfiguration;
			buildSettings = {
				ASSETCATALOG_COMPILER_APPICON_NAME = AppIcon;
				ASSETCATALOG_COMPILER_GLOBAL_ACCENT_COLOR_NAME = AccentColor;
				CODE_SIGN_STYLE = Automatic;
				DEVELOPMENT_TEAM = 8SN6MV9Q5H;
				INFOPLIST_FILE = DYStopStarAnimation/Info.plist;
				LD_RUNPATH_SEARCH_PATHS = (
					"$(inherited)",
					"@executable_path/Frameworks",
				);
				PRODUCT_BUNDLE_IDENTIFIER = LYW.DYStopStarAnimation;
				PRODUCT_NAME = "$(TARGET_NAME)";
				TARGETED_DEVICE_FAMILY = "1,2";
			};
			name = Debug;
		};
		50C12DA426E8677700A6C84D /* Release */ = {
			isa = XCBuildConfiguration;
			buildSettings = {
				ASSETCATALOG_COMPILER_APPICON_NAME = AppIcon;
				ASSETCATALOG_COMPILER_GLOBAL_ACCENT_COLOR_NAME = AccentColor;
				CODE_SIGN_STYLE = Automatic;
				DEVELOPMENT_TEAM = 8SN6MV9Q5H;
				INFOPLIST_FILE = DYStopStarAnimation/Info.plist;
				LD_RUNPATH_SEARCH_PATHS = (
					"$(inherited)",
					"@executable_path/Frameworks",
				);
				PRODUCT_BUNDLE_IDENTIFIER = LYW.DYStopStarAnimation;
				PRODUCT_NAME = "$(TARGET_NAME)";
				TARGETED_DEVICE_FAMILY = "1,2";
			};
			name = Release;
		};
/* End XCBuildConfiguration section */

/* Begin XCConfigurationList section */
		50C12D8426E8677400A6C84D /* Build configuration list for PBXProject "DYStopStarAnimation" */ = {
			isa = XCConfigurationList;
			buildConfigurations = (
				50C12DA026E8677700A6C84D /* Debug */,
				50C12DA126E8677700A6C84D /* Release */,
			);
			defaultConfigurationIsVisible = 0;
			defaultConfigurationName = Release;
		};
		50C12DA226E8677700A6C84D /* Build configuration list for PBXNativeTarget "DYStopStarAnimation" */ = {
			isa = XCConfigurationList;
			buildConfigurations = (
				50C12DA326E8677700A6C84D /* Debug */,
				50C12DA426E8677700A6C84D /* Release */,
			);
			defaultConfigurationIsVisible = 0;
			defaultConfigurationName = Release;
		};
/* End XCConfigurationList section */
	};
	rootObject = 50C12D8126E8677400A6C84D /* Project object */;
}
